
Microsoft Visual Studio Solution File, Format Version 12.00
# Visual Studio Version 16
VisualStudioVersion = 16.0.30621.155
MinimumVisualStudioVersion = 10.0.40219.1
Project("{8BC9CEB8-8B4A-11D0-8D11-00A0C91BC942}") = "6.4", "6.4\6.4.vcxproj", "{A5491889-945A-4939-B50D-65BF554C9457}"
EndProject
Project("{8BC9CEB8-8B4A-11D0-8D11-00A0C91BC942}") = "Test6.4", "Test6.4\Test6.4.vcxproj", "{83677D2B-1487-4A37-96DE-FDC12DEA18B5}"
EndProject
Global
	GlobalSection(SolutionConfigurationPlatforms) = preSolution
		Debug|x64 = Debug|x64
		Debug|x86 = Debug|x86
		Release|x64 = Release|x64
		Release|x86 = Release|x86
	EndGlobalSection
	GlobalSection(ProjectConfigurationPlatforms) = postSolution
		{A5491889-945A-4939-B50D-65BF554C9457}.Debug|x64.ActiveCfg = Debug|x64
		{A5491889-945A-4939-B50D-65BF554C9457}.Debug|x64.Build.0 = Debug|x64
		{A5491889-945A-4939-B50D-65BF554C9457}.Debug|x86.ActiveCfg = Debug|Win32
		{A5491889-945A-4939-B50D-65BF554C9457}.Debug|x86.Build.0 = Debug|Win32
		{A5491889-945A-4939-B50D-65BF554C9457}.Release|x64.ActiveCfg = Release|x64
		{A5491889-945A-4939-B50D-65BF554C9457}.Release|x64.Build.0 = Release|x64
		{A5491889-945A-4939-B50D-65BF554C9457}.Release|x86.ActiveCfg = Release|Win32
		{A5491889-945A-4939-B50D-65BF554C9457}.Release|x86.Build.0 = Release|Win32
		{83677D2B-1487-4A37-96DE-FDC12DEA18B5}.Debug|x64.ActiveCfg = Debug|x64
		{83677D2B-1487-4A37-96DE-FDC12DEA18B5}.Debug|x64.Build.0 = Debug|x64
		{83677D2B-1487-4A37-96DE-FDC12DEA18B5}.Debug|x86.ActiveCfg = Debug|Win32
		{83677D2B-1487-4A37-96DE-FDC12DEA18B5}.Debug|x86.Build.0 = Debug|Win32
		{83677D2B-1487-4A37-96DE-FDC12DEA18B5}.Release|x64.ActiveCfg = Release|x64
		{83677D2B-1487-4A37-96DE-FDC12DEA18B5}.Release|x64.Build.0 = Release|x64
		{83677D2B-1487-4A37-96DE-FDC12DEA18B5}.Release|x86.ActiveCfg = Release|Win32
		{83677D2B-1487-4A37-96DE-FDC12DEA18B5}.Release|x86.Build.0 = Release|Win32
	EndGlobalSection
	GlobalSection(SolutionProperties) = preSolution
		HideSolutionNode = FALSE
	EndGlobalSection
	GlobalSection(ExtensibilityGlobals) = postSolution
		SolutionGuid = {7871D8AD-67FA-4B84-83A2-737D3B73C874}
	EndGlobalSection
EndGlobal
